
Microsoft Visual Studio Solution File, Format Version 12.00
# Visual Studio Version 16
VisualStudioVersion = 16.0.30011.22
MinimumVisualStudioVersion = 10.0.40219.1
Project("{2150E333-8FDC-42A3-9474-1A3956D46DE8}") = "src", "src", "{ACC3F4B9-8DFB-4F4D-888C-038E61219D7A}"
EndProject
Project("{2150E333-8FDC-42A3-9474-1A3956D46DE8}") = "CSharp2", "CSharp2", "{EA9F7597-E2B8-40E4-91AE-F176ACE7C1DA}"
EndProject
Project("{FAE04EC0-301F-11D3-BF4B-00C04F79EFBC}") = "CSharpFeatures.CSharp2.Generics", "src\CSharp2\CSharpFeatures.CSharp2.Generics\CSharpFeatures.CSharp2.Generics.csproj", "{C071BCDA-B467-4677-882E-C5A0B7C154A5}"
EndProject
Global
	GlobalSection(SolutionConfigurationPlatforms) = preSolution
		Debug|Any CPU = Debug|Any CPU
		Release|Any CPU = Release|Any CPU
	EndGlobalSection
	GlobalSection(ProjectConfigurationPlatforms) = postSolution
		{C071BCDA-B467-4677-882E-C5A0B7C154A5}.Debug|Any CPU.ActiveCfg = Debug|Any CPU
		{C071BCDA-B467-4677-882E-C5A0B7C154A5}.Debug|Any CPU.Build.0 = Debug|Any CPU
		{C071BCDA-B467-4677-882E-C5A0B7C154A5}.Release|Any CPU.ActiveCfg = Release|Any CPU
		{C071BCDA-B467-4677-882E-C5A0B7C154A5}.Release|Any CPU.Build.0 = Release|Any CPU
	EndGlobalSection
	GlobalSection(SolutionProperties) = preSolution
		HideSolutionNode = FALSE
	EndGlobalSection
	GlobalSection(NestedProjects) = preSolution
		{EA9F7597-E2B8-40E4-91AE-F176ACE7C1DA} = {ACC3F4B9-8DFB-4F4D-888C-038E61219D7A}
		{C071BCDA-B467-4677-882E-C5A0B7C154A5} = {EA9F7597-E2B8-40E4-91AE-F176ACE7C1DA}
	EndGlobalSection
	GlobalSection(ExtensibilityGlobals) = postSolution
		SolutionGuid = {5F1F6946-B3EA-440F-BDA4-2A53BB3CBCCC}
	EndGlobalSection
EndGlobal
